
Microsoft Visual Studio Solution File, Format Version 12.00
# Visual Studio Version 17
VisualStudioVersion = 17.6.33829.357
MinimumVisualStudioVersion = 10.0.40219.1
Project("{FAE04EC0-301F-11D3-BF4B-00C04F79EFBC}") = "MVC", "MVC\MVC.csproj", "{6BA56C89-7CD4-442F-ADA6-362982998750}"
EndProject
Project("{FAE04EC0-301F-11D3-BF4B-00C04F79EFBC}") = "AppCore", "AppCore\AppCore.csproj", "{913D50C8-1D7B-4749-8037-3A17E508D288}"
EndProject
Global
	GlobalSection(SolutionConfigurationPlatforms) = preSolution
		Debug|Any CPU = Debug|Any CPU
		Release|Any CPU = Release|Any CPU
	EndGlobalSection
	GlobalSection(ProjectConfigurationPlatforms) = postSolution
		{6BA56C89-7CD4-442F-ADA6-362982998750}.Debug|Any CPU.ActiveCfg = Debug|Any CPU
		{6BA56C89-7CD4-442F-ADA6-362982998750}.Debug|Any CPU.Build.0 = Debug|Any CPU
		{6BA56C89-7CD4-442F-ADA6-362982998750}.Release|Any CPU.ActiveCfg = Release|Any CPU
		{6BA56C89-7CD4-442F-ADA6-362982998750}.Release|Any CPU.Build.0 = Release|Any CPU
		{913D50C8-1D7B-4749-8037-3A17E508D288}.Debug|Any CPU.ActiveCfg = Debug|Any CPU
		{913D50C8-1D7B-4749-8037-3A17E508D288}.Debug|Any CPU.Build.0 = Debug|Any CPU
		{913D50C8-1D7B-4749-8037-3A17E508D288}.Release|Any CPU.ActiveCfg = Release|Any CPU
		{913D50C8-1D7B-4749-8037-3A17E508D288}.Release|Any CPU.Build.0 = Release|Any CPU
	EndGlobalSection
	GlobalSection(SolutionProperties) = preSolution
		HideSolutionNode = FALSE
	EndGlobalSection
	GlobalSection(ExtensibilityGlobals) = postSolution
		SolutionGuid = {B50CD96E-8483-415F-90C5-C6221B4680E4}
	EndGlobalSection
EndGlobal
