
Microsoft Visual Studio Solution File, Format Version 12.00
# Visual Studio Version 17
VisualStudioVersion = 17.6.33829.357
MinimumVisualStudioVersion = 10.0.40219.1
Project("{9A19103F-16F7-4668-BE54-9A1E7A4F7556}") = "AppCore", "AppCore\AppCore.csproj", "{913D50C8-1D7B-4749-8037-3A17E508D288}"
EndProject
Project("{9A19103F-16F7-4668-BE54-9A1E7A4F7556}") = "DataAccess", "DataAccess\DataAccess.csproj", "{B4691EFE-847D-4DA1-B238-02F172AE67BE}"
EndProject
Project("{FAE04EC0-301F-11D3-BF4B-00C04F79EFBC}") = "MVC", "MVC\MVC.csproj", "{4002FFBB-510F-47E2-8323-23B3A7CB22E1}"
EndProject
Project("{FAE04EC0-301F-11D3-BF4B-00C04F79EFBC}") = "Business", "Business\Business.csproj", "{FE8A9F56-1BFF-4109-9EC8-7E12CC7B60E9}"
EndProject
Global
	GlobalSection(SolutionConfigurationPlatforms) = preSolution
		Debug|Any CPU = Debug|Any CPU
		Release|Any CPU = Release|Any CPU
	EndGlobalSection
	GlobalSection(ProjectConfigurationPlatforms) = postSolution
		{913D50C8-1D7B-4749-8037-3A17E508D288}.Debug|Any CPU.ActiveCfg = Debug|Any CPU
		{913D50C8-1D7B-4749-8037-3A17E508D288}.Debug|Any CPU.Build.0 = Debug|Any CPU
		{913D50C8-1D7B-4749-8037-3A17E508D288}.Release|Any CPU.ActiveCfg = Release|Any CPU
		{913D50C8-1D7B-4749-8037-3A17E508D288}.Release|Any CPU.Build.0 = Release|Any CPU
		{B4691EFE-847D-4DA1-B238-02F172AE67BE}.Debug|Any CPU.ActiveCfg = Debug|Any CPU
		{B4691EFE-847D-4DA1-B238-02F172AE67BE}.Debug|Any CPU.Build.0 = Debug|Any CPU
		{B4691EFE-847D-4DA1-B238-02F172AE67BE}.Release|Any CPU.ActiveCfg = Release|Any CPU
		{B4691EFE-847D-4DA1-B238-02F172AE67BE}.Release|Any CPU.Build.0 = Release|Any CPU
		{4002FFBB-510F-47E2-8323-23B3A7CB22E1}.Debug|Any CPU.ActiveCfg = Debug|Any CPU
		{4002FFBB-510F-47E2-8323-23B3A7CB22E1}.Debug|Any CPU.Build.0 = Debug|Any CPU
		{4002FFBB-510F-47E2-8323-23B3A7CB22E1}.Release|Any CPU.ActiveCfg = Release|Any CPU
		{4002FFBB-510F-47E2-8323-23B3A7CB22E1}.Release|Any CPU.Build.0 = Release|Any CPU
		{FE8A9F56-1BFF-4109-9EC8-7E12CC7B60E9}.Debug|Any CPU.ActiveCfg = Debug|Any CPU
		{FE8A9F56-1BFF-4109-9EC8-7E12CC7B60E9}.Debug|Any CPU.Build.0 = Debug|Any CPU
		{FE8A9F56-1BFF-4109-9EC8-7E12CC7B60E9}.Release|Any CPU.ActiveCfg = Release|Any CPU
		{FE8A9F56-1BFF-4109-9EC8-7E12CC7B60E9}.Release|Any CPU.Build.0 = Release|Any CPU
	EndGlobalSection
	GlobalSection(SolutionProperties) = preSolution
		HideSolutionNode = FALSE
	EndGlobalSection
	GlobalSection(ExtensibilityGlobals) = postSolution
		SolutionGuid = {B50CD96E-8483-415F-90C5-C6221B4680E4}
	EndGlobalSection
EndGlobal
